
Microsoft Visual Studio Solution File, Format Version 12.00
# Visual Studio 2013
VisualStudioVersion = 12.0.21005.1
MinimumVisualStudioVersion = 10.0.40219.1
Project("{FAE04EC0-301F-11D3-BF4B-00C04F79EFBC}") = "dal", "dal\dal.csproj", "{687579B7-5F76-4CCF-AC41-FDF61EE9E0DA}"
EndProject
Project("{FAE04EC0-301F-11D3-BF4B-00C04F79EFBC}") = "modal", "modal\modal.csproj", "{975A52B0-0128-412C-AAF0-98A22D6D1F24}"
EndProject
Project("{FAE04EC0-301F-11D3-BF4B-00C04F79EFBC}") = "bll", "bll\bll.csproj", "{2E246301-C35A-496F-AC42-5D7902D61F3F}"
EndProject
Project("{FAE04EC0-301F-11D3-BF4B-00C04F79EFBC}") = "service", "service\service.csproj", "{6A1218FB-17DE-42DE-A869-D59263325481}"
EndProject
Project("{FAE04EC0-301F-11D3-BF4B-00C04F79EFBC}") = "admin", "admin\admin.csproj", "{4FE77178-E82A-4477-8E45-F28EFB37371B}"
EndProject
Global
	GlobalSection(SolutionConfigurationPlatforms) = preSolution
		Debug|Any CPU = Debug|Any CPU
		Release|Any CPU = Release|Any CPU
	EndGlobalSection
	GlobalSection(ProjectConfigurationPlatforms) = postSolution
		{687579B7-5F76-4CCF-AC41-FDF61EE9E0DA}.Debug|Any CPU.ActiveCfg = Debug|Any CPU
		{687579B7-5F76-4CCF-AC41-FDF61EE9E0DA}.Debug|Any CPU.Build.0 = Debug|Any CPU
		{687579B7-5F76-4CCF-AC41-FDF61EE9E0DA}.Release|Any CPU.ActiveCfg = Release|Any CPU
		{687579B7-5F76-4CCF-AC41-FDF61EE9E0DA}.Release|Any CPU.Build.0 = Release|Any CPU
		{975A52B0-0128-412C-AAF0-98A22D6D1F24}.Debug|Any CPU.ActiveCfg = Debug|Any CPU
		{975A52B0-0128-412C-AAF0-98A22D6D1F24}.Debug|Any CPU.Build.0 = Debug|Any CPU
		{975A52B0-0128-412C-AAF0-98A22D6D1F24}.Release|Any CPU.ActiveCfg = Release|Any CPU
		{975A52B0-0128-412C-AAF0-98A22D6D1F24}.Release|Any CPU.Build.0 = Release|Any CPU
		{2E246301-C35A-496F-AC42-5D7902D61F3F}.Debug|Any CPU.ActiveCfg = Debug|Any CPU
		{2E246301-C35A-496F-AC42-5D7902D61F3F}.Debug|Any CPU.Build.0 = Debug|Any CPU
		{2E246301-C35A-496F-AC42-5D7902D61F3F}.Release|Any CPU.ActiveCfg = Release|Any CPU
		{2E246301-C35A-496F-AC42-5D7902D61F3F}.Release|Any CPU.Build.0 = Release|Any CPU
		{6A1218FB-17DE-42DE-A869-D59263325481}.Debug|Any CPU.ActiveCfg = Debug|Any CPU
		{6A1218FB-17DE-42DE-A869-D59263325481}.Debug|Any CPU.Build.0 = Debug|Any CPU
		{6A1218FB-17DE-42DE-A869-D59263325481}.Release|Any CPU.ActiveCfg = Release|Any CPU
		{6A1218FB-17DE-42DE-A869-D59263325481}.Release|Any CPU.Build.0 = Release|Any CPU
		{4FE77178-E82A-4477-8E45-F28EFB37371B}.Debug|Any CPU.ActiveCfg = Debug|Any CPU
		{4FE77178-E82A-4477-8E45-F28EFB37371B}.Debug|Any CPU.Build.0 = Debug|Any CPU
		{4FE77178-E82A-4477-8E45-F28EFB37371B}.Release|Any CPU.ActiveCfg = Release|Any CPU
		{4FE77178-E82A-4477-8E45-F28EFB37371B}.Release|Any CPU.Build.0 = Release|Any CPU
	EndGlobalSection
	GlobalSection(SolutionProperties) = preSolution
		HideSolutionNode = FALSE
	EndGlobalSection
EndGlobal
